
Microsoft Visual Studio Solution File, Format Version 11.00
# Visual Studio 2010
Project("{F184B08F-C81C-45F6-A57F-5ABD9991F28F}") = "USB_I2C_TEA5767", "USB_I2C_TEA5767\USB_I2C_TEA5767.vbproj", "{C7643251-FD30-4B69-83A5-A2B3F985FE1A}"
EndProject
Global
	GlobalSection(SolutionConfigurationPlatforms) = preSolution
		Debug|x86 = Debug|x86
		Release|x86 = Release|x86
	EndGlobalSection
	GlobalSection(ProjectConfigurationPlatforms) = postSolution
		{C7643251-FD30-4B69-83A5-A2B3F985FE1A}.Debug|x86.ActiveCfg = Debug|x86
		{C7643251-FD30-4B69-83A5-A2B3F985FE1A}.Debug|x86.Build.0 = Debug|x86
		{C7643251-FD30-4B69-83A5-A2B3F985FE1A}.Release|x86.ActiveCfg = Release|x86
		{C7643251-FD30-4B69-83A5-A2B3F985FE1A}.Release|x86.Build.0 = Release|x86
	EndGlobalSection
	GlobalSection(SolutionProperties) = preSolution
		HideSolutionNode = FALSE
	EndGlobalSection
EndGlobal
