
Microsoft Visual Studio Solution File, Format Version 11.00
# Visual Studio 2010
Project("{8BC9CEB8-8B4A-11D0-8D11-00A0C91BC942}") = "USB_SPI_Nokia5110", "USB_SPI_Nokia5110\USB_SPI_Nokia5110.vcxproj", "{A5FB41EB-A82C-4DE6-8130-D9EBD2F23FB9}"
EndProject
Global
	GlobalSection(SolutionConfigurationPlatforms) = preSolution
		Debug|Win32 = Debug|Win32
		Release|Win32 = Release|Win32
	EndGlobalSection
	GlobalSection(ProjectConfigurationPlatforms) = postSolution
		{A5FB41EB-A82C-4DE6-8130-D9EBD2F23FB9}.Debug|Win32.ActiveCfg = Debug|Win32
		{A5FB41EB-A82C-4DE6-8130-D9EBD2F23FB9}.Debug|Win32.Build.0 = Debug|Win32
		{A5FB41EB-A82C-4DE6-8130-D9EBD2F23FB9}.Release|Win32.ActiveCfg = Release|Win32
		{A5FB41EB-A82C-4DE6-8130-D9EBD2F23FB9}.Release|Win32.Build.0 = Release|Win32
	EndGlobalSection
	GlobalSection(SolutionProperties) = preSolution
		HideSolutionNode = FALSE
	EndGlobalSection
EndGlobal
