
Microsoft Visual Studio Solution File, Format Version 11.00
# Visual Studio 2010
Project("{F184B08F-C81C-45F6-A57F-5ABD9991F28F}") = "USB_SPI_SST25VF032B", "USB_SPI_SST25VF032B\USB_SPI_SST25VF032B.vbproj", "{BF8AD1BE-AF4A-45E8-8E13-B7EAAC7D79CA}"
EndProject
Global
	GlobalSection(SolutionConfigurationPlatforms) = preSolution
		Debug|x86 = Debug|x86
		Release|x86 = Release|x86
	EndGlobalSection
	GlobalSection(ProjectConfigurationPlatforms) = postSolution
		{BF8AD1BE-AF4A-45E8-8E13-B7EAAC7D79CA}.Debug|x86.ActiveCfg = Debug|x86
		{BF8AD1BE-AF4A-45E8-8E13-B7EAAC7D79CA}.Debug|x86.Build.0 = Debug|x86
		{BF8AD1BE-AF4A-45E8-8E13-B7EAAC7D79CA}.Release|x86.ActiveCfg = Release|x86
		{BF8AD1BE-AF4A-45E8-8E13-B7EAAC7D79CA}.Release|x86.Build.0 = Release|x86
	EndGlobalSection
	GlobalSection(SolutionProperties) = preSolution
		HideSolutionNode = FALSE
	EndGlobalSection
EndGlobal
