
Microsoft Visual Studio Solution File, Format Version 11.00
# Visual Studio 2010
Project("{8BC9CEB8-8B4A-11D0-8D11-00A0C91BC942}") = "USB_SDI12_Test", "USB_SDI12_Test\USB_SDI12_Test.vcxproj", "{00542CB1-3DCF-49E0-8A4C-33A976B80972}"
EndProject
Global
	GlobalSection(SolutionConfigurationPlatforms) = preSolution
		Debug|Win32 = Debug|Win32
		Release|Win32 = Release|Win32
	EndGlobalSection
	GlobalSection(ProjectConfigurationPlatforms) = postSolution
		{00542CB1-3DCF-49E0-8A4C-33A976B80972}.Debug|Win32.ActiveCfg = Debug|Win32
		{00542CB1-3DCF-49E0-8A4C-33A976B80972}.Debug|Win32.Build.0 = Debug|Win32
		{00542CB1-3DCF-49E0-8A4C-33A976B80972}.Release|Win32.ActiveCfg = Release|Win32
		{00542CB1-3DCF-49E0-8A4C-33A976B80972}.Release|Win32.Build.0 = Release|Win32
	EndGlobalSection
	GlobalSection(SolutionProperties) = preSolution
		HideSolutionNode = FALSE
	EndGlobalSection
EndGlobal
