
Microsoft Visual Studio Solution File, Format Version 11.00
# Visual Studio 2010
Project("{8BC9CEB8-8B4A-11D0-8D11-00A0C91BC942}") = "USB_SPI_AT45DB161D", "USB_SPI_AT45DB161D\USB_SPI_AT45DB161D.vcxproj", "{7892303F-3F5D-4E20-8B81-7DBB780CAE98}"
EndProject
Global
	GlobalSection(SolutionConfigurationPlatforms) = preSolution
		Debug|Win32 = Debug|Win32
		Release|Win32 = Release|Win32
	EndGlobalSection
	GlobalSection(ProjectConfigurationPlatforms) = postSolution
		{7892303F-3F5D-4E20-8B81-7DBB780CAE98}.Debug|Win32.ActiveCfg = Debug|Win32
		{7892303F-3F5D-4E20-8B81-7DBB780CAE98}.Debug|Win32.Build.0 = Debug|Win32
		{7892303F-3F5D-4E20-8B81-7DBB780CAE98}.Release|Win32.ActiveCfg = Release|Win32
		{7892303F-3F5D-4E20-8B81-7DBB780CAE98}.Release|Win32.Build.0 = Release|Win32
	EndGlobalSection
	GlobalSection(SolutionProperties) = preSolution
		HideSolutionNode = FALSE
	EndGlobalSection
EndGlobal
