
Microsoft Visual Studio Solution File, Format Version 11.00
# Visual Studio 2010
Project("{8BC9CEB8-8B4A-11D0-8D11-00A0C91BC942}") = "USB_UART_Test", "USB_UART_Test\USB_UART_Test.vcxproj", "{A588493D-63E9-4603-9A5F-4FD7DFAC770D}"
EndProject
Global
	GlobalSection(SolutionConfigurationPlatforms) = preSolution
		Debug|Win32 = Debug|Win32
		Release|Win32 = Release|Win32
	EndGlobalSection
	GlobalSection(ProjectConfigurationPlatforms) = postSolution
		{A588493D-63E9-4603-9A5F-4FD7DFAC770D}.Debug|Win32.ActiveCfg = Debug|Win32
		{A588493D-63E9-4603-9A5F-4FD7DFAC770D}.Debug|Win32.Build.0 = Debug|Win32
		{A588493D-63E9-4603-9A5F-4FD7DFAC770D}.Release|Win32.ActiveCfg = Release|Win32
		{A588493D-63E9-4603-9A5F-4FD7DFAC770D}.Release|Win32.Build.0 = Release|Win32
	EndGlobalSection
	GlobalSection(SolutionProperties) = preSolution
		HideSolutionNode = FALSE
	EndGlobalSection
EndGlobal
