
Microsoft Visual Studio Solution File, Format Version 11.00
# Visual Studio 2010
Project("{FAE04EC0-301F-11D3-BF4B-00C04F79EFBC}") = "USB_PWM_Test", "USB_PWM_Test\USB_PWM_Test.csproj", "{CD180F03-EF80-419B-84AB-75CE3BEF61FF}"
EndProject
Global
	GlobalSection(SolutionConfigurationPlatforms) = preSolution
		Debug|x86 = Debug|x86
		Release|x86 = Release|x86
	EndGlobalSection
	GlobalSection(ProjectConfigurationPlatforms) = postSolution
		{CD180F03-EF80-419B-84AB-75CE3BEF61FF}.Debug|x86.ActiveCfg = Debug|x86
		{CD180F03-EF80-419B-84AB-75CE3BEF61FF}.Debug|x86.Build.0 = Debug|x86
		{CD180F03-EF80-419B-84AB-75CE3BEF61FF}.Release|x86.ActiveCfg = Release|x86
		{CD180F03-EF80-419B-84AB-75CE3BEF61FF}.Release|x86.Build.0 = Release|x86
	EndGlobalSection
	GlobalSection(SolutionProperties) = preSolution
		HideSolutionNode = FALSE
	EndGlobalSection
EndGlobal
