
Microsoft Visual Studio Solution File, Format Version 11.00
# Visual Studio 2010
Project("{FAE04EC0-301F-11D3-BF4B-00C04F79EFBC}") = "USB_UART_Test", "USB_UART_Test\USB_UART_Test.csproj", "{15F65722-3673-4582-98C8-C31573BBE5B2}"
EndProject
Global
	GlobalSection(SolutionConfigurationPlatforms) = preSolution
		Debug|x86 = Debug|x86
		Release|x86 = Release|x86
	EndGlobalSection
	GlobalSection(ProjectConfigurationPlatforms) = postSolution
		{15F65722-3673-4582-98C8-C31573BBE5B2}.Debug|x86.ActiveCfg = Debug|x86
		{15F65722-3673-4582-98C8-C31573BBE5B2}.Debug|x86.Build.0 = Debug|x86
		{15F65722-3673-4582-98C8-C31573BBE5B2}.Release|x86.ActiveCfg = Release|x86
		{15F65722-3673-4582-98C8-C31573BBE5B2}.Release|x86.Build.0 = Release|x86
	EndGlobalSection
	GlobalSection(SolutionProperties) = preSolution
		HideSolutionNode = FALSE
	EndGlobalSection
EndGlobal
