
Microsoft Visual Studio Solution File, Format Version 11.00
# Visual Studio 2010
Project("{F184B08F-C81C-45F6-A57F-5ABD9991F28F}") = "USB_I2C_MPU6050", "USB_I2C_MPU6050\USB_I2C_MPU6050.vbproj", "{8A5728AA-BA0E-4CD4-8218-674C0B704822}"
EndProject
Global
	GlobalSection(SolutionConfigurationPlatforms) = preSolution
		Debug|x86 = Debug|x86
		Release|x86 = Release|x86
	EndGlobalSection
	GlobalSection(ProjectConfigurationPlatforms) = postSolution
		{8A5728AA-BA0E-4CD4-8218-674C0B704822}.Debug|x86.ActiveCfg = Debug|x86
		{8A5728AA-BA0E-4CD4-8218-674C0B704822}.Debug|x86.Build.0 = Debug|x86
		{8A5728AA-BA0E-4CD4-8218-674C0B704822}.Release|x86.ActiveCfg = Release|x86
		{8A5728AA-BA0E-4CD4-8218-674C0B704822}.Release|x86.Build.0 = Release|x86
	EndGlobalSection
	GlobalSection(SolutionProperties) = preSolution
		HideSolutionNode = FALSE
	EndGlobalSection
EndGlobal
