
Microsoft Visual Studio Solution File, Format Version 11.00
# Visual Studio 2010
Project("{8BC9CEB8-8B4A-11D0-8D11-00A0C91BC942}") = "USB_PWM_Test", "USB_PWM_Test\USB_PWM_Test.vcxproj", "{EC09A42F-4066-43E6-9411-CC402204758D}"
EndProject
Global
	GlobalSection(SolutionConfigurationPlatforms) = preSolution
		Debug|Win32 = Debug|Win32
		Release|Win32 = Release|Win32
	EndGlobalSection
	GlobalSection(ProjectConfigurationPlatforms) = postSolution
		{EC09A42F-4066-43E6-9411-CC402204758D}.Debug|Win32.ActiveCfg = Debug|Win32
		{EC09A42F-4066-43E6-9411-CC402204758D}.Debug|Win32.Build.0 = Debug|Win32
		{EC09A42F-4066-43E6-9411-CC402204758D}.Release|Win32.ActiveCfg = Release|Win32
		{EC09A42F-4066-43E6-9411-CC402204758D}.Release|Win32.Build.0 = Release|Win32
	EndGlobalSection
	GlobalSection(SolutionProperties) = preSolution
		HideSolutionNode = FALSE
	EndGlobalSection
EndGlobal
