
Microsoft Visual Studio Solution File, Format Version 11.00
# Visual Studio 2010
Project("{FAE04EC0-301F-11D3-BF4B-00C04F79EFBC}") = "USB_I2C_SlaveWriteRead", "USB_I2C_SlaveWriteRead\USB_I2C_SlaveWriteRead.csproj", "{F1E05293-86C6-4770-9E99-781D2192909C}"
EndProject
Global
	GlobalSection(SolutionConfigurationPlatforms) = preSolution
		Debug|x86 = Debug|x86
		Release|x86 = Release|x86
	EndGlobalSection
	GlobalSection(ProjectConfigurationPlatforms) = postSolution
		{F1E05293-86C6-4770-9E99-781D2192909C}.Debug|x86.ActiveCfg = Debug|x86
		{F1E05293-86C6-4770-9E99-781D2192909C}.Debug|x86.Build.0 = Debug|x86
		{F1E05293-86C6-4770-9E99-781D2192909C}.Release|x86.ActiveCfg = Release|x86
		{F1E05293-86C6-4770-9E99-781D2192909C}.Release|x86.Build.0 = Release|x86
	EndGlobalSection
	GlobalSection(SolutionProperties) = preSolution
		HideSolutionNode = FALSE
	EndGlobalSection
EndGlobal
