
Microsoft Visual Studio Solution File, Format Version 11.00
# Visual Studio 2010
Project("{FAE04EC0-301F-11D3-BF4B-00C04F79EFBC}") = "USB_I2C_PCA9555", "USB_I2C_PCA9555\USB_I2C_PCA9555.csproj", "{FC20C04E-BA1F-409A-B340-B71B22353482}"
EndProject
Global
	GlobalSection(SolutionConfigurationPlatforms) = preSolution
		Debug|x86 = Debug|x86
		Release|x86 = Release|x86
	EndGlobalSection
	GlobalSection(ProjectConfigurationPlatforms) = postSolution
		{FC20C04E-BA1F-409A-B340-B71B22353482}.Debug|x86.ActiveCfg = Debug|x86
		{FC20C04E-BA1F-409A-B340-B71B22353482}.Debug|x86.Build.0 = Debug|x86
		{FC20C04E-BA1F-409A-B340-B71B22353482}.Release|x86.ActiveCfg = Release|x86
		{FC20C04E-BA1F-409A-B340-B71B22353482}.Release|x86.Build.0 = Release|x86
	EndGlobalSection
	GlobalSection(SolutionProperties) = preSolution
		HideSolutionNode = FALSE
	EndGlobalSection
EndGlobal
