
Microsoft Visual Studio Solution File, Format Version 11.00
# Visual Studio 2010
Project("{FAE04EC0-301F-11D3-BF4B-00C04F79EFBC}") = "USB_I2C_HMC5883L", "USB_I2C_HMC5883L\USB_I2C_HMC5883L.csproj", "{3F227175-8B20-4ABD-A263-6E6BD064C7FE}"
EndProject
Global
	GlobalSection(SolutionConfigurationPlatforms) = preSolution
		Debug|x86 = Debug|x86
		Release|x86 = Release|x86
	EndGlobalSection
	GlobalSection(ProjectConfigurationPlatforms) = postSolution
		{3F227175-8B20-4ABD-A263-6E6BD064C7FE}.Debug|x86.ActiveCfg = Debug|x86
		{3F227175-8B20-4ABD-A263-6E6BD064C7FE}.Debug|x86.Build.0 = Debug|x86
		{3F227175-8B20-4ABD-A263-6E6BD064C7FE}.Release|x86.ActiveCfg = Release|x86
		{3F227175-8B20-4ABD-A263-6E6BD064C7FE}.Release|x86.Build.0 = Release|x86
	EndGlobalSection
	GlobalSection(SolutionProperties) = preSolution
		HideSolutionNode = FALSE
	EndGlobalSection
EndGlobal
