
Microsoft Visual Studio Solution File, Format Version 11.00
# Visual Studio 2010
Project("{8BC9CEB8-8B4A-11D0-8D11-00A0C91BC942}") = "USB_I2C_PCA9555", "USB_I2C_PCA9555\USB_I2C_PCA9555.vcxproj", "{831C4B16-78E6-4CA6-AE50-BF799569C6C0}"
EndProject
Global
	GlobalSection(SolutionConfigurationPlatforms) = preSolution
		Debug|Win32 = Debug|Win32
		Release|Win32 = Release|Win32
	EndGlobalSection
	GlobalSection(ProjectConfigurationPlatforms) = postSolution
		{831C4B16-78E6-4CA6-AE50-BF799569C6C0}.Debug|Win32.ActiveCfg = Debug|Win32
		{831C4B16-78E6-4CA6-AE50-BF799569C6C0}.Debug|Win32.Build.0 = Debug|Win32
		{831C4B16-78E6-4CA6-AE50-BF799569C6C0}.Release|Win32.ActiveCfg = Release|Win32
		{831C4B16-78E6-4CA6-AE50-BF799569C6C0}.Release|Win32.Build.0 = Release|Win32
	EndGlobalSection
	GlobalSection(SolutionProperties) = preSolution
		HideSolutionNode = FALSE
	EndGlobalSection
EndGlobal
